{
  "name": "a_dang_dummy_package",
  "version": "1.0.1",
  "lockfileVersion": 2,
  "requires": true,
  "packages": {
    "": {
      "name": "a_dang_dummy_package",
      "version": "1.0.1",
      "license": "ISC",
      "dependencies": {
        "ignore_this": "^1.0.1"
      }
    },
    "node_modules/ignore_this": {
      "version": "1.0.1",
      "resolved": "https://registry.npmjs.org/ignore_this/-/ignore_this-1.0.1.tgz",
      "integrity": "sha512-FPoPBZwlA37jYt8757N3LeDSOafPToDQZNLZixQtOMPzCUlIa17NUsrD7+zN/P/PBYQw3ujbCSrOBC7AxV/2oA=="
    }
  },
  "dependencies": {
    "ignore_this": {
      "version": "1.0.1",
      "resolved": "https://registry.npmjs.org/ignore_this/-/ignore_this-1.0.1.tgz",
      "integrity": "sha512-FPoPBZwlA37jYt8757N3LeDSOafPToDQZNLZixQtOMPzCUlIa17NUsrD7+zN/P/PBYQw3ujbCSrOBC7AxV/2oA=="
    }
  }
}
